// !$*UTF8*$!
{
	archiveVersion = 1;
	classes = {
	};
	objectVersion = 51;
	objects = {

/* Begin PBXBuildFile section */
		733246D16ED2787B95F34BEB /* Pods_TestFirebase.framework in Frameworks */ = {isa = PBXBuildFile; fileRef = 1358D62E6B872DEC799E8002 /* Pods_TestFirebase.framework */; };
		BCBC8AD52309A056009E496C /* AppDelegate.swift in Sources */ = {isa = PBXBuildFile; fileRef = BCBC8AD42309A056009E496C /* AppDelegate.swift */; };
		BCBC8AD72309A056009E496C /* ViewController.swift in Sources */ = {isa = PBXBuildFile; fileRef = BCBC8AD62309A056009E496C /* ViewController.swift */; };
		BCBC8ADA2309A056009E496C /* Main.storyboard in Resources */ = {isa = PBXBuildFile; fileRef = BCBC8AD82309A056009E496C /* Main.storyboard */; };
		BCBC8ADC2309A06E009E496C /* Assets.xcassets in Resources */ = {isa = PBXBuildFile; fileRef = BCBC8ADB2309A06E009E496C /* Assets.xcassets */; };
		BCBC8ADF2309A06E009E496C /* LaunchScreen.storyboard in Resources */ = {isa = PBXBuildFile; fileRef = BCBC8ADD2309A06E009E496C /* LaunchScreen.storyboard */; };
		BCBC8AE72309A15F009E496C /* GoogleService-Info.plist in Resources */ = {isa = PBXBuildFile; fileRef = BCBC8AE62309A15F009E496C /* GoogleService-Info.plist */; };
		BCBC8AE9230B02A7009E496C /* PostController.swift in Sources */ = {isa = PBXBuildFile; fileRef = BCBC8AE8230B02A7009E496C /* PostController.swift */; };
/* End PBXBuildFile section */

/* Begin PBXFileReference section */
		1358D62E6B872DEC799E8002 /* Pods_TestFirebase.framework */ = {isa = PBXFileReference; explicitFileType = wrapper.framework; includeInIndex = 0; path = Pods_TestFirebase.framework; sourceTree = BUILT_PRODUCTS_DIR; };
		BCBC8AD12309A056009E496C /* TestFirebase.app */ = {isa = PBXFileReference; explicitFileType = wrapper.application; includeInIndex = 0; path = TestFirebase.app; sourceTree = BUILT_PRODUCTS_DIR; };
		BCBC8AD42309A056009E496C /* AppDelegate.swift */ = {isa = PBXFileReference; lastKnownFileType = sourcecode.swift; path = AppDelegate.swift; sourceTree = "<group>"; };
		BCBC8AD62309A056009E496C /* ViewController.swift */ = {isa = PBXFileReference; lastKnownFileType = sourcecode.swift; path = ViewController.swift; sourceTree = "<group>"; };
		BCBC8AD92309A056009E496C /* Base */ = {isa = PBXFileReference; lastKnownFileType = file.storyboard; name = Base; path = Base.lproj/Main.storyboard; sourceTree = "<group>"; };
		BCBC8ADB2309A06E009E496C /* Assets.xcassets */ = {isa = PBXFileReference; lastKnownFileType = folder.assetcatalog; path = Assets.xcassets; sourceTree = "<group>"; };
		BCBC8ADE2309A06E009E496C /* Base */ = {isa = PBXFileReference; lastKnownFileType = file.storyboard; name = Base; path = Base.lproj/LaunchScreen.storyboard; sourceTree = "<group>"; };
		BCBC8AE02309A06E009E496C /* Info.plist */ = {isa = PBXFileReference; lastKnownFileType = text.plist.xml; path = Info.plist; sourceTree = "<group>"; };
		BCBC8AE62309A15F009E496C /* GoogleService-Info.plist */ = {isa = PBXFileReference; fileEncoding = 4; lastKnownFileType = text.plist.xml; path = "GoogleService-Info.plist"; sourceTree = "<group>"; };
		BCBC8AE8230B02A7009E496C /* PostController.swift */ = {isa = PBXFileReference; lastKnownFileType = sourcecode.swift; path = PostController.swift; sourceTree = "<group>"; };
		E70CD891C5244B6AEB4C1B78 /* Pods-TestFirebase.debug.xcconfig */ = {isa = PBXFileReference; includeInIndex = 1; lastKnownFileType = text.xcconfig; name = "Pods-TestFirebase.debug.xcconfig"; path = "Target Support Files/Pods-TestFirebase/Pods-TestFirebase.debug.xcconfig"; sourceTree = "<group>"; };
		F8A60566116966608DD30A39 /* Pods-TestFirebase.release.xcconfig */ = {isa = PBXFileReference; includeInIndex = 1; lastKnownFileType = text.xcconfig; name = "Pods-TestFirebase.release.xcconfig"; path = "Target Support Files/Pods-TestFirebase/Pods-TestFirebase.release.xcconfig"; sourceTree = "<group>"; };
/* End PBXFileReference section */

/* Begin PBXFrameworksBuildPhase section */
		BCBC8ACE2309A056009E496C /* Frameworks */ = {
			isa = PBXFrameworksBuildPhase;
			buildActionMask = 2147483647;
			files = (
				733246D16ED2787B95F34BEB /* Pods_TestFirebase.framework in Frameworks */,
			);
			runOnlyForDeploymentPostprocessing = 0;
		};
/* End PBXFrameworksBuildPhase section */

/* Begin PBXGroup section */
		463CCA60C50C1C308E987D61 /* Pods */ = {
			isa = PBXGroup;
			children = (
				E70CD891C5244B6AEB4C1B78 /* Pods-TestFirebase.debug.xcconfig */,
				F8A60566116966608DD30A39 /* Pods-TestFirebase.release.xcconfig */,
			);
			path = Pods;
			sourceTree = "<group>";
		};
		BCBC8AC82309A055009E496C = {
			isa = PBXGroup;
			children = (
				BCBC8AD32309A056009E496C /* TestFirebase */,
				BCBC8AD22309A056009E496C /* Products */,
				463CCA60C50C1C308E987D61 /* Pods */,
				F1256F7D81F3B80B99424BEC /* Frameworks */,
			);
			sourceTree = "<group>";
		};
		BCBC8AD22309A056009E496C /* Products */ = {
			isa = PBXGroup;
			children = (
				BCBC8AD12309A056009E496C /* TestFirebase.app */,
			);
			name = Products;
			sourceTree = "<group>";
		};
		BCBC8AD32309A056009E496C /* TestFirebase */ = {
			isa = PBXGroup;
			children = (
				BCBC8AD42309A056009E496C /* AppDelegate.swift */,
				BCBC8AD62309A056009E496C /* ViewController.swift */,
				BCBC8AD82309A056009E496C /* Main.storyboard */,
				BCBC8AE8230B02A7009E496C /* PostController.swift */,
				BCBC8ADB2309A06E009E496C /* Assets.xcassets */,
				BCBC8ADD2309A06E009E496C /* LaunchScreen.storyboard */,
				BCBC8AE62309A15F009E496C /* GoogleService-Info.plist */,
				BCBC8AE02309A06E009E496C /* Info.plist */,
			);
			path = TestFirebase;
			sourceTree = "<group>";
		};
		F1256F7D81F3B80B99424BEC /* Frameworks */ = {
			isa = PBXGroup;
			children = (
				1358D62E6B872DEC799E8002 /* Pods_TestFirebase.framework */,
			);
			name = Frameworks;
			sourceTree = "<group>";
		};
/* End PBXGroup section */

/* Begin PBXNativeTarget section */
		BCBC8AD02309A056009E496C /* TestFirebase */ = {
			isa = PBXNativeTarget;
			buildConfigurationList = BCBC8AE32309A06E009E496C /* Build configuration list for PBXNativeTarget "TestFirebase" */;
			buildPhases = (
				375C4A982D966A01A898C48E /* [CP] Check Pods Manifest.lock */,
				BCBC8ACD2309A056009E496C /* Sources */,
				BCBC8ACE2309A056009E496C /* Frameworks */,
				BCBC8ACF2309A056009E496C /* Resources */,
				D2C10291D4141F339191E21D /* [CP] Embed Pods Frameworks */,
			);
			buildRules = (
			);
			dependencies = (
			);
			name = TestFirebase;
			productName = TestFirebase;
			productReference = BCBC8AD12309A056009E496C /* TestFirebase.app */;
			productType = "com.apple.product-type.application";
		};
/* End PBXNativeTarget section */

/* Begin PBXProject section */
		BCBC8AC92309A056009E496C /* Project object */ = {
			isa = PBXProject;
			attributes = {
				LastSwiftUpdateCheck = 1010;
				LastUpgradeCheck = 1010;
				ORGANIZATIONNAME = LafuenteR;
				TargetAttributes = {
					BCBC8AD02309A056009E496C = {
						CreatedOnToolsVersion = 10.1;
					};
				};
			};
			buildConfigurationList = BCBC8ACC2309A056009E496C /* Build configuration list for PBXProject "TestFirebase" */;
			compatibilityVersion = "Xcode 9.3";
			developmentRegion = en;
			hasScannedForEncodings = 0;
			knownRegions = (
				en,
				Base,
			);
			mainGroup = BCBC8AC82309A055009E496C;
			productRefGroup = BCBC8AD22309A056009E496C /* Products */;
			projectDirPath = "";
			projectRoot = "";
			targets = (
				BCBC8AD02309A056009E496C /* TestFirebase */,
			);
		};
/* End PBXProject section */

/* Begin PBXResourcesBuildPhase section */
		BCBC8ACF2309A056009E496C /* Resources */ = {
			isa = PBXResourcesBuildPhase;
			buildActionMask = 2147483647;
			files = (
				BCBC8ADF2309A06E009E496C /* LaunchScreen.storyboard in Resources */,
				BCBC8AE72309A15F009E496C /* GoogleService-Info.plist in Resources */,
				BCBC8ADC2309A06E009E496C /* Assets.xcassets in Resources */,
				BCBC8ADA2309A056009E496C /* Main.storyboard in Resources */,
			);
			runOnlyForDeploymentPostprocessing = 0;
		};
/* End PBXResourcesBuildPhase section */

/* Begin PBXShellScriptBuildPhase section */
		375C4A982D966A01A898C48E /* [CP] Check Pods Manifest.lock */ = {
			isa = PBXShellScriptBuildPhase;
			buildActionMask = 2147483647;
			files = (
			);
			inputFileListPaths = (
			);
			inputPaths = (
				"${PODS_PODFILE_DIR_PATH}/Podfile.lock",
				"${PODS_ROOT}/Manifest.lock",
			);
			name = "[CP] Check Pods Manifest.lock";
			outputFileListPaths = (
			);
			outputPaths = (
				"$(DERIVED_FILE_DIR)/Pods-TestFirebase-checkManifestLockResult.txt",
			);
			runOnlyForDeploymentPostprocessing = 0;
			shellPath = /bin/sh;
			shellScript = "diff \"${PODS_PODFILE_DIR_PATH}/Podfile.lock\" \"${PODS_ROOT}/Manifest.lock\" > /dev/null\nif [ $? != 0 ] ; then\n    # print error to STDERR\n    echo \"error: The sandbox is not in sync with the Podfile.lock. Run 'pod install' or update your CocoaPods installation.\" >&2\n    exit 1\nfi\n# This output is used by Xcode 'outputs' to avoid re-running this script phase.\necho \"SUCCESS\" > \"${SCRIPT_OUTPUT_FILE_0}\"\n";
			showEnvVarsInLog = 0;
		};
		D2C10291D4141F339191E21D /* [CP] Embed Pods Frameworks */ = {
			isa = PBXShellScriptBuildPhase;
			buildActionMask = 2147483647;
			files = (
			);
			inputFileListPaths = (
				"${PODS_ROOT}/Target Support Files/Pods-TestFirebase/Pods-TestFirebase-frameworks-${CONFIGURATION}-input-files.xcfilelist",
			);
			name = "[CP] Embed Pods Frameworks";
			outputFileListPaths = (
				"${PODS_ROOT}/Target Support Files/Pods-TestFirebase/Pods-TestFirebase-frameworks-${CONFIGURATION}-output-files.xcfilelist",
			);
			runOnlyForDeploymentPostprocessing = 0;
			shellPath = /bin/sh;
			shellScript = "\"${PODS_ROOT}/Target Support Files/Pods-TestFirebase/Pods-TestFirebase-frameworks.sh\"\n";
			showEnvVarsInLog = 0;
		};
/* End PBXShellScriptBuildPhase section */

/* Begin PBXSourcesBuildPhase section */
		BCBC8ACD2309A056009E496C /* Sources */ = {
			isa = PBXSourcesBuildPhase;
			buildActionMask = 2147483647;
			files = (
				BCBC8AD72309A056009E496C /* ViewController.swift in Sources */,
				BCBC8AD52309A056009E496C /* AppDelegate.swift in Sources */,
				BCBC8AE9230B02A7009E496C /* PostController.swift in Sources */,
			);
			runOnlyForDeploymentPostprocessing = 0;
		};
/* End PBXSourcesBuildPhase section */

/* Begin PBXVariantGroup section */
		BCBC8AD82309A056009E496C /* Main.storyboard */ = {
			isa = PBXVariantGroup;
			children = (
				BCBC8AD92309A056009E496C /* Base */,
			);
			name = Main.storyboard;
			sourceTree = "<group>";
		};
		BCBC8ADD2309A06E009E496C /* LaunchScreen.storyboard */ = {
			isa = PBXVariantGroup;
			children = (
				BCBC8ADE2309A06E009E496C /* Base */,
			);
			name = LaunchScreen.storyboard;
			sourceTree = "<group>";
		};
/* End PBXVariantGroup section */

/* Begin XCBuildConfiguration section */
		BCBC8AE12309A06E009E496C /* Debug */ = {
			isa = XCBuildConfiguration;
			buildSettings = {
				ALWAYS_SEARCH_USER_PATHS = NO;
				CLANG_ANALYZER_NONNULL = YES;
				CLANG_ANALYZER_NUMBER_OBJECT_CONVERSION = YES_AGGRESSIVE;
				CLANG_CXX_LANGUAGE_STANDARD = "gnu++14";
				CLANG_CXX_LIBRARY = "libc++";
				CLANG_ENABLE_MODULES = YES;
				CLANG_ENABLE_OBJC_ARC = YES;
				CLANG_ENABLE_OBJC_WEAK = YES;
				CLANG_WARN_BLOCK_CAPTURE_AUTORELEASING = YES;
				CLANG_WARN_BOOL_CONVERSION = YES;
				CLANG_WARN_COMMA = YES;
				CLANG_WARN_CONSTANT_CONVERSION = YES;
				CLANG_WARN_DEPRECATED_OBJC_IMPLEMENTATIONS = YES;
				CLANG_WARN_DIRECT_OBJC_ISA_USAGE = YES_ERROR;
				CLANG_WARN_DOCUMENTATION_COMMENTS = YES;
				CLANG_WARN_EMPTY_BODY = YES;
				CLANG_WARN_ENUM_CONVERSION = YES;
				CLANG_WARN_INFINITE_RECURSION = YES;
				CLANG_WARN_INT_CONVERSION = YES;
				CLANG_WARN_NON_LITERAL_NULL_CONVERSION = YES;
				CLANG_WARN_OBJC_IMPLICIT_RETAIN_SELF = YES;
				CLANG_WARN_OBJC_LITERAL_CONVERSION = YES;
				CLANG_WARN_OBJC_ROOT_CLASS = YES_ERROR;
				CLANG_WARN_RANGE_LOOP_ANALYSIS = YES;
				CLANG_WARN_STRICT_PROTOTYPES = YES;
				CLANG_WARN_SUSPICIOUS_MOVE = YES;
				CLANG_WARN_UNGUARDED_AVAILABILITY = YES_AGGRESSIVE;
				CLANG_WARN_UNREACHABLE_CODE = YES;
				CLANG_WARN__DUPLICATE_METHOD_MATCH = YES;
				CODE_SIGN_IDENTITY = "iPhone Developer";
				COPY_PHASE_STRIP = NO;
				DEBUG_INFORMATION_FORMAT = dwarf;
				ENABLE_STRICT_OBJC_MSGSEND = YES;
				ENABLE_TESTABILITY = YES;
				GCC_C_LANGUAGE_STANDARD = gnu11;
				GCC_DYNAMIC_NO_PIC = NO;
				GCC_NO_COMMON_BLOCKS = YES;
				GCC_OPTIMIZATION_LEVEL = 0;
				GCC_PREPROCESSOR_DEFINITIONS = (
					"DEBUG=1",
					"$(inherited)",
				);
				GCC_WARN_64_TO_32_BIT_CONVERSION = YES;
				GCC_WARN_ABOUT_RETURN_TYPE = YES_ERROR;
				GCC_WARN_UNDECLARED_SELECTOR = YES;
				GCC_WARN_UNINITIALIZED_AUTOS = YES_AGGRESSIVE;
				GCC_WARN_UNUSED_FUNCTION = YES;
				GCC_WARN_UNUSED_VARIABLE = YES;
				IPHONEOS_DEPLOYMENT_TARGET = 12.1;
				MTL_ENABLE_DEBUG_INFO = INCLUDE_SOURCE;
				MTL_FAST_MATH = YES;
				ONLY_ACTIVE_ARCH = YES;
				SDKROOT = iphoneos;
				SWIFT_ACTIVE_COMPILATION_CONDITIONS = DEBUG;
				SWIFT_OPTIMIZATION_LEVEL = "-Onone";
			};
			name = Debug;
		};
		BCBC8AE22309A06E009E496C /* Release */ = {
			isa = XCBuildConfiguration;
			buildSettings = {
				ALWAYS_SEARCH_USER_PATHS = NO;
				CLANG_ANALYZER_NONNULL = YES;
				CLANG_ANALYZER_NUMBER_OBJECT_CONVERSION = YES_AGGRESSIVE;
				CLANG_CXX_LANGUAGE_STANDARD = "gnu++14";
				CLANG_CXX_LIBRARY = "libc++";
				CLANG_ENABLE_MODULES = YES;
				CLANG_ENABLE_OBJC_ARC = YES;
				CLANG_ENABLE_OBJC_WEAK = YES;
				CLANG_WARN_BLOCK_CAPTURE_AUTORELEASING = YES;
				CLANG_WARN_BOOL_CONVERSION = YES;
				CLANG_WARN_COMMA = YES;
				CLANG_WARN_CONSTANT_CONVERSION = YES;
				CLANG_WARN_DEPRECATED_OBJC_IMPLEMENTATIONS = YES;
				CLANG_WARN_DIRECT_OBJC_ISA_USAGE = YES_ERROR;
				CLANG_WARN_DOCUMENTATION_COMMENTS = YES;
				CLANG_WARN_EMPTY_BODY = YES;
				CLANG_WARN_ENUM_CONVERSION = YES;
				CLANG_WARN_INFINITE_RECURSION = YES;
				CLANG_WARN_INT_CONVERSION = YES;
				CLANG_WARN_NON_LITERAL_NULL_CONVERSION = YES;
				CLANG_WARN_OBJC_IMPLICIT_RETAIN_SELF = YES;
				CLANG_WARN_OBJC_LITERAL_CONVERSION = YES;
				CLANG_WARN_OBJC_ROOT_CLASS = YES_ERROR;
				CLANG_WARN_RANGE_LOOP_ANALYSIS = YES;
				CLANG_WARN_STRICT_PROTOTYPES = YES;
				CLANG_WARN_SUSPICIOUS_MOVE = YES;
				CLANG_WARN_UNGUARDED_AVAILABILITY = YES_AGGRESSIVE;
				CLANG_WARN_UNREACHABLE_CODE = YES;
				CLANG_WARN__DUPLICATE_METHOD_MATCH = YES;
				CODE_SIGN_IDENTITY = "iPhone Developer";
				COPY_PHASE_STRIP = NO;
				DEBUG_INFORMATION_FORMAT = "dwarf-with-dsym";
				ENABLE_NS_ASSERTIONS = NO;
				ENABLE_STRICT_OBJC_MSGSEND = YES;
				GCC_C_LANGUAGE_STANDARD = gnu11;
				GCC_NO_COMMON_BLOCKS = YES;
				GCC_WARN_64_TO_32_BIT_CONVERSION = YES;
				GCC_WARN_ABOUT_RETURN_TYPE = YES_ERROR;
				GCC_WARN_UNDECLARED_SELECTOR = YES;
				GCC_WARN_UNINITIALIZED_AUTOS = YES_AGGRESSIVE;
				GCC_WARN_UNUSED_FUNCTION = YES;
				GCC_WARN_UNUSED_VARIABLE = YES;
				IPHONEOS_DEPLOYMENT_TARGET = 12.1;
				MTL_ENABLE_DEBUG_INFO = NO;
				MTL_FAST_MATH = YES;
				SDKROOT = iphoneos;
				SWIFT_COMPILATION_MODE = wholemodule;
				SWIFT_OPTIMIZATION_LEVEL = "-O";
				VALIDATE_PRODUCT = YES;
			};
			name = Release;
		};
		BCBC8AE42309A06E009E496C /* Debug */ = {
			isa = XCBuildConfiguration;
			baseConfigurationReference = E70CD891C5244B6AEB4C1B78 /* Pods-TestFirebase.debug.xcconfig */;
			buildSettings = {
				ASSETCATALOG_COMPILER_APPICON_NAME = AppIcon;
				CODE_SIGN_STYLE = Automatic;
				DEVELOPMENT_TEAM = 8P46ZX55J8;
				INFOPLIST_FILE = TestFirebase/Info.plist;
				IPHONEOS_DEPLOYMENT_TARGET = 9.0;
				LD_RUNPATH_SEARCH_PATHS = (
					"$(inherited)",
					"@executable_path/Frameworks",
				);
				PRODUCT_BUNDLE_IDENTIFIER = com.lafuenter.TestFirebase;
				PRODUCT_NAME = "$(TARGET_NAME)";
				SWIFT_VERSION = 4.2;
				TARGETED_DEVICE_FAMILY = "1,2";
			};
			name = Debug;
		};
		BCBC8AE52309A06E009E496C /* Release */ = {
			isa = XCBuildConfiguration;
			baseConfigurationReference = F8A60566116966608DD30A39 /* Pods-TestFirebase.release.xcconfig */;
			buildSettings = {
				ASSETCATALOG_COMPILER_APPICON_NAME = AppIcon;
				CODE_SIGN_STYLE = Automatic;
				DEVELOPMENT_TEAM = 8P46ZX55J8;
				INFOPLIST_FILE = TestFirebase/Info.plist;
				IPHONEOS_DEPLOYMENT_TARGET = 9.0;
				LD_RUNPATH_SEARCH_PATHS = (
					"$(inherited)",
					"@executable_path/Frameworks",
				);
				PRODUCT_BUNDLE_IDENTIFIER = com.lafuenter.TestFirebase;
				PRODUCT_NAME = "$(TARGET_NAME)";
				SWIFT_VERSION = 4.2;
				TARGETED_DEVICE_FAMILY = "1,2";
			};
			name = Release;
		};
/* End XCBuildConfiguration section */

/* Begin XCConfigurationList section */
		BCBC8ACC2309A056009E496C /* Build configuration list for PBXProject "TestFirebase" */ = {
			isa = XCConfigurationList;
			buildConfigurations = (
				BCBC8AE12309A06E009E496C /* Debug */,
				BCBC8AE22309A06E009E496C /* Release */,
			);
			defaultConfigurationIsVisible = 0;
			defaultConfigurationName = Release;
		};
		BCBC8AE32309A06E009E496C /* Build configuration list for PBXNativeTarget "TestFirebase" */ = {
			isa = XCConfigurationList;
			buildConfigurations = (
				BCBC8AE42309A06E009E496C /* Debug */,
				BCBC8AE52309A06E009E496C /* Release */,
			);
			defaultConfigurationIsVisible = 0;
			defaultConfigurationName = Release;
		};
/* End XCConfigurationList section */
	};
	rootObject = BCBC8AC92309A056009E496C /* Project object */;
}
